// !$*UTF8*$!
{
	archiveVersion = 1;
	classes = {
	};
	objectVersion = 55;
	objects = {

/* Begin PBXBuildFile section */
		744D6EA82982B64E00D7DC6C /* TableViewController.m in Sources */ = {isa = PBXBuildFile; fileRef = 744D6EA72982B64E00D7DC6C /* TableViewController.m */; };
		744D6EAB2982B98300D7DC6C /* CollectionViewController.m in Sources */ = {isa = PBXBuildFile; fileRef = 744D6EAA2982B98300D7DC6C /* CollectionViewController.m */; };
		744D6EB12982BB5200D7DC6C /* CollectionViewCell.m in Sources */ = {isa = PBXBuildFile; fileRef = 744D6EB02982BB5200D7DC6C /* CollectionViewCell.m */; };
		744D6EBB2983C30900D7DC6C /* ImageViewerVC.m in Sources */ = {isa = PBXBuildFile; fileRef = 744D6EBA2983C30900D7DC6C /* ImageViewerVC.m */; };
		744D6EBE2983C71A00D7DC6C /* URLHelper.m in Sources */ = {isa = PBXBuildFile; fileRef = 744D6EBD2983C71A00D7DC6C /* URLHelper.m */; };
		7467CD4829826EA100FFB61F /* AppDelegate.m in Sources */ = {isa = PBXBuildFile; fileRef = 7467CD4729826EA100FFB61F /* AppDelegate.m */; };
		7467CD4B29826EA100FFB61F /* SceneDelegate.m in Sources */ = {isa = PBXBuildFile; fileRef = 7467CD4A29826EA100FFB61F /* SceneDelegate.m */; };
		7467CD5129826EA100FFB61F /* Main.storyboard in Resources */ = {isa = PBXBuildFile; fileRef = 7467CD4F29826EA100FFB61F /* Main.storyboard */; };
		7467CD5329826EA900FFB61F /* Assets.xcassets in Resources */ = {isa = PBXBuildFile; fileRef = 7467CD5229826EA900FFB61F /* Assets.xcassets */; };
		7467CD5629826EA900FFB61F /* LaunchScreen.storyboard in Resources */ = {isa = PBXBuildFile; fileRef = 7467CD5429826EA900FFB61F /* LaunchScreen.storyboard */; };
		7467CD5929826EA900FFB61F /* main.m in Sources */ = {isa = PBXBuildFile; fileRef = 7467CD5829826EA900FFB61F /* main.m */; };
		7477729229B1DE5E001783A8 /* TableVCPresenter.m in Sources */ = {isa = PBXBuildFile; fileRef = 7477729129B1DE5E001783A8 /* TableVCPresenter.m */; };
		7477729529B1DE7F001783A8 /* TableVCModel.m in Sources */ = {isa = PBXBuildFile; fileRef = 7477729429B1DE7F001783A8 /* TableVCModel.m */; };
		7477729829B1DE99001783A8 /* CollectionVCPresenter.m in Sources */ = {isa = PBXBuildFile; fileRef = 7477729729B1DE99001783A8 /* CollectionVCPresenter.m */; };
		7477729B29B1DEAB001783A8 /* CollectionVCModel.m in Sources */ = {isa = PBXBuildFile; fileRef = 7477729A29B1DEAB001783A8 /* CollectionVCModel.m */; };
/* End PBXBuildFile section */

/* Begin PBXFileReference section */
		744D6EA62982B64E00D7DC6C /* TableViewController.h */ = {isa = PBXFileReference; lastKnownFileType = sourcecode.c.h; path = TableViewController.h; sourceTree = "<group>"; };
		744D6EA72982B64E00D7DC6C /* TableViewController.m */ = {isa = PBXFileReference; lastKnownFileType = sourcecode.c.objc; path = TableViewController.m; sourceTree = "<group>"; };
		744D6EA92982B98300D7DC6C /* CollectionViewController.h */ = {isa = PBXFileReference; lastKnownFileType = sourcecode.c.h; path = CollectionViewController.h; sourceTree = "<group>"; };
		744D6EAA2982B98300D7DC6C /* CollectionViewController.m */ = {isa = PBXFileReference; lastKnownFileType = sourcecode.c.objc; path = CollectionViewController.m; sourceTree = "<group>"; };
		744D6EAF2982BB5200D7DC6C /* CollectionViewCell.h */ = {isa = PBXFileReference; lastKnownFileType = sourcecode.c.h; path = CollectionViewCell.h; sourceTree = "<group>"; };
		744D6EB02982BB5200D7DC6C /* CollectionViewCell.m */ = {isa = PBXFileReference; lastKnownFileType = sourcecode.c.objc; path = CollectionViewCell.m; sourceTree = "<group>"; };
		744D6EB92983C30900D7DC6C /* ImageViewerVC.h */ = {isa = PBXFileReference; lastKnownFileType = sourcecode.c.h; path = ImageViewerVC.h; sourceTree = "<group>"; };
		744D6EBA2983C30900D7DC6C /* ImageViewerVC.m */ = {isa = PBXFileReference; lastKnownFileType = sourcecode.c.objc; path = ImageViewerVC.m; sourceTree = "<group>"; };
		744D6EBC2983C71900D7DC6C /* URLHelper.h */ = {isa = PBXFileReference; lastKnownFileType = sourcecode.c.h; path = URLHelper.h; sourceTree = "<group>"; };
		744D6EBD2983C71A00D7DC6C /* URLHelper.m */ = {isa = PBXFileReference; lastKnownFileType = sourcecode.c.objc; path = URLHelper.m; sourceTree = "<group>"; };
		7467CD4329826EA100FFB61F /* ObjectiveCTestApp.app */ = {isa = PBXFileReference; explicitFileType = wrapper.application; includeInIndex = 0; path = ObjectiveCTestApp.app; sourceTree = BUILT_PRODUCTS_DIR; };
		7467CD4629826EA100FFB61F /* AppDelegate.h */ = {isa = PBXFileReference; lastKnownFileType = sourcecode.c.h; path = AppDelegate.h; sourceTree = "<group>"; };
		7467CD4729826EA100FFB61F /* AppDelegate.m */ = {isa = PBXFileReference; lastKnownFileType = sourcecode.c.objc; path = AppDelegate.m; sourceTree = "<group>"; };
		7467CD4929826EA100FFB61F /* SceneDelegate.h */ = {isa = PBXFileReference; lastKnownFileType = sourcecode.c.h; path = SceneDelegate.h; sourceTree = "<group>"; };
		7467CD4A29826EA100FFB61F /* SceneDelegate.m */ = {isa = PBXFileReference; lastKnownFileType = sourcecode.c.objc; path = SceneDelegate.m; sourceTree = "<group>"; };
		7467CD5029826EA100FFB61F /* Base */ = {isa = PBXFileReference; lastKnownFileType = file.storyboard; name = Base; path = Base.lproj/Main.storyboard; sourceTree = "<group>"; };
		7467CD5229826EA900FFB61F /* Assets.xcassets */ = {isa = PBXFileReference; lastKnownFileType = folder.assetcatalog; path = Assets.xcassets; sourceTree = "<group>"; };
		7467CD5529826EA900FFB61F /* Base */ = {isa = PBXFileReference; lastKnownFileType = file.storyboard; name = Base; path = Base.lproj/LaunchScreen.storyboard; sourceTree = "<group>"; };
		7467CD5729826EA900FFB61F /* Info.plist */ = {isa = PBXFileReference; lastKnownFileType = text.plist.xml; path = Info.plist; sourceTree = "<group>"; };
		7467CD5829826EA900FFB61F /* main.m */ = {isa = PBXFileReference; lastKnownFileType = sourcecode.c.objc; path = main.m; sourceTree = "<group>"; };
		7477729029B1DE5E001783A8 /* TableVCPresenter.h */ = {isa = PBXFileReference; lastKnownFileType = sourcecode.c.h; path = TableVCPresenter.h; sourceTree = "<group>"; };
		7477729129B1DE5E001783A8 /* TableVCPresenter.m */ = {isa = PBXFileReference; lastKnownFileType = sourcecode.c.objc; path = TableVCPresenter.m; sourceTree = "<group>"; };
		7477729329B1DE7F001783A8 /* TableVCModel.h */ = {isa = PBXFileReference; lastKnownFileType = sourcecode.c.h; path = TableVCModel.h; sourceTree = "<group>"; };
		7477729429B1DE7F001783A8 /* TableVCModel.m */ = {isa = PBXFileReference; lastKnownFileType = sourcecode.c.objc; path = TableVCModel.m; sourceTree = "<group>"; };
		7477729629B1DE99001783A8 /* CollectionVCPresenter.h */ = {isa = PBXFileReference; lastKnownFileType = sourcecode.c.h; path = CollectionVCPresenter.h; sourceTree = "<group>"; };
		7477729729B1DE99001783A8 /* CollectionVCPresenter.m */ = {isa = PBXFileReference; lastKnownFileType = sourcecode.c.objc; path = CollectionVCPresenter.m; sourceTree = "<group>"; };
		7477729929B1DEAB001783A8 /* CollectionVCModel.h */ = {isa = PBXFileReference; lastKnownFileType = sourcecode.c.h; path = CollectionVCModel.h; sourceTree = "<group>"; };
		7477729A29B1DEAB001783A8 /* CollectionVCModel.m */ = {isa = PBXFileReference; lastKnownFileType = sourcecode.c.objc; path = CollectionVCModel.m; sourceTree = "<group>"; };
/* End PBXFileReference section */

/* Begin PBXFrameworksBuildPhase section */
		7467CD4029826EA100FFB61F /* Frameworks */ = {
			isa = PBXFrameworksBuildPhase;
			buildActionMask = 2147483647;
			files = (
			);
			runOnlyForDeploymentPostprocessing = 0;
		};
/* End PBXFrameworksBuildPhase section */

/* Begin PBXGroup section */
		744D6EAC2982B99900D7DC6C /* CollectionVC */ = {
			isa = PBXGroup;
			children = (
				744D6EAE2982BB3000D7DC6C /* CollectionViewCell */,
				744D6EA92982B98300D7DC6C /* CollectionViewController.h */,
				744D6EAA2982B98300D7DC6C /* CollectionViewController.m */,
				7477729629B1DE99001783A8 /* CollectionVCPresenter.h */,
				7477729729B1DE99001783A8 /* CollectionVCPresenter.m */,
				7477729929B1DEAB001783A8 /* CollectionVCModel.h */,
				7477729A29B1DEAB001783A8 /* CollectionVCModel.m */,
			);
			path = CollectionVC;
			sourceTree = "<group>";
		};
		744D6EAD2982B9AF00D7DC6C /* TableVC */ = {
			isa = PBXGroup;
			children = (
				744D6EA62982B64E00D7DC6C /* TableViewController.h */,
				744D6EA72982B64E00D7DC6C /* TableViewController.m */,
				7477729029B1DE5E001783A8 /* TableVCPresenter.h */,
				7477729129B1DE5E001783A8 /* TableVCPresenter.m */,
				7477729329B1DE7F001783A8 /* TableVCModel.h */,
				7477729429B1DE7F001783A8 /* TableVCModel.m */,
			);
			path = TableVC;
			sourceTree = "<group>";
		};
		744D6EAE2982BB3000D7DC6C /* CollectionViewCell */ = {
			isa = PBXGroup;
			children = (
				744D6EAF2982BB5200D7DC6C /* CollectionViewCell.h */,
				744D6EB02982BB5200D7DC6C /* CollectionViewCell.m */,
			);
			path = CollectionViewCell;
			sourceTree = "<group>";
		};
		744D6EB82983C2E000D7DC6C /* ImageViewer */ = {
			isa = PBXGroup;
			children = (
				744D6EB92983C30900D7DC6C /* ImageViewerVC.h */,
				744D6EBA2983C30900D7DC6C /* ImageViewerVC.m */,
			);
			path = ImageViewer;
			sourceTree = "<group>";
		};
		7467CD3A29826EA100FFB61F = {
			isa = PBXGroup;
			children = (
				7467CD4529826EA100FFB61F /* ObjectiveCTestApp */,
				7467CD4429826EA100FFB61F /* Products */,
			);
			sourceTree = "<group>";
		};
		7467CD4429826EA100FFB61F /* Products */ = {
			isa = PBXGroup;
			children = (
				7467CD4329826EA100FFB61F /* ObjectiveCTestApp.app */,
			);
			name = Products;
			sourceTree = "<group>";
		};
		7467CD4529826EA100FFB61F /* ObjectiveCTestApp */ = {
			isa = PBXGroup;
			children = (
				744D6EAD2982B9AF00D7DC6C /* TableVC */,
				744D6EAC2982B99900D7DC6C /* CollectionVC */,
				744D6EB82983C2E000D7DC6C /* ImageViewer */,
				74FF86742993CD8B00914548 /* URLHelper */,
				7467CD4629826EA100FFB61F /* AppDelegate.h */,
				7467CD4729826EA100FFB61F /* AppDelegate.m */,
				7467CD4929826EA100FFB61F /* SceneDelegate.h */,
				7467CD4A29826EA100FFB61F /* SceneDelegate.m */,
				7467CD4F29826EA100FFB61F /* Main.storyboard */,
				7467CD5229826EA900FFB61F /* Assets.xcassets */,
				7467CD5429826EA900FFB61F /* LaunchScreen.storyboard */,
				7467CD5729826EA900FFB61F /* Info.plist */,
				7467CD5829826EA900FFB61F /* main.m */,
			);
			path = ObjectiveCTestApp;
			sourceTree = "<group>";
		};
		74FF86742993CD8B00914548 /* URLHelper */ = {
			isa = PBXGroup;
			children = (
				744D6EBC2983C71900D7DC6C /* URLHelper.h */,
				744D6EBD2983C71A00D7DC6C /* URLHelper.m */,
			);
			path = URLHelper;
			sourceTree = "<group>";
		};
/* End PBXGroup section */

/* Begin PBXNativeTarget section */
		7467CD4229826EA100FFB61F /* ObjectiveCTestApp */ = {
			isa = PBXNativeTarget;
			buildConfigurationList = 7467CD5C29826EA900FFB61F /* Build configuration list for PBXNativeTarget "ObjectiveCTestApp" */;
			buildPhases = (
				7467CD3F29826EA100FFB61F /* Sources */,
				7467CD4029826EA100FFB61F /* Frameworks */,
				7467CD4129826EA100FFB61F /* Resources */,
			);
			buildRules = (
			);
			dependencies = (
			);
			name = ObjectiveCTestApp;
			productName = ObjectiveCTestApp;
			productReference = 7467CD4329826EA100FFB61F /* ObjectiveCTestApp.app */;
			productType = "com.apple.product-type.application";
		};
/* End PBXNativeTarget section */

/* Begin PBXProject section */
		7467CD3B29826EA100FFB61F /* Project object */ = {
			isa = PBXProject;
			attributes = {
				BuildIndependentTargetsInParallel = 1;
				LastUpgradeCheck = 1340;
				TargetAttributes = {
					7467CD4229826EA100FFB61F = {
						CreatedOnToolsVersion = 13.4;
					};
				};
			};
			buildConfigurationList = 7467CD3E29826EA100FFB61F /* Build configuration list for PBXProject "ObjectiveCTestApp" */;
			compatibilityVersion = "Xcode 13.0";
			developmentRegion = en;
			hasScannedForEncodings = 0;
			knownRegions = (
				en,
				Base,
			);
			mainGroup = 7467CD3A29826EA100FFB61F;
			productRefGroup = 7467CD4429826EA100FFB61F /* Products */;
			projectDirPath = "";
			projectRoot = "";
			targets = (
				7467CD4229826EA100FFB61F /* ObjectiveCTestApp */,
			);
		};
/* End PBXProject section */

/* Begin PBXResourcesBuildPhase section */
		7467CD4129826EA100FFB61F /* Resources */ = {
			isa = PBXResourcesBuildPhase;
			buildActionMask = 2147483647;
			files = (
				7467CD5629826EA900FFB61F /* LaunchScreen.storyboard in Resources */,
				7467CD5329826EA900FFB61F /* Assets.xcassets in Resources */,
				7467CD5129826EA100FFB61F /* Main.storyboard in Resources */,
			);
			runOnlyForDeploymentPostprocessing = 0;
		};
/* End PBXResourcesBuildPhase section */

/* Begin PBXSourcesBuildPhase section */
		7467CD3F29826EA100FFB61F /* Sources */ = {
			isa = PBXSourcesBuildPhase;
			buildActionMask = 2147483647;
			files = (
				744D6EB12982BB5200D7DC6C /* CollectionViewCell.m in Sources */,
				7477729529B1DE7F001783A8 /* TableVCModel.m in Sources */,
				7477729829B1DE99001783A8 /* CollectionVCPresenter.m in Sources */,
				7467CD4829826EA100FFB61F /* AppDelegate.m in Sources */,
				7467CD5929826EA900FFB61F /* main.m in Sources */,
				744D6EBE2983C71A00D7DC6C /* URLHelper.m in Sources */,
				744D6EA82982B64E00D7DC6C /* TableViewController.m in Sources */,
				744D6EBB2983C30900D7DC6C /* ImageViewerVC.m in Sources */,
				7477729B29B1DEAB001783A8 /* CollectionVCModel.m in Sources */,
				744D6EAB2982B98300D7DC6C /* CollectionViewController.m in Sources */,
				7467CD4B29826EA100FFB61F /* SceneDelegate.m in Sources */,
				7477729229B1DE5E001783A8 /* TableVCPresenter.m in Sources */,
			);
			runOnlyForDeploymentPostprocessing = 0;
		};
/* End PBXSourcesBuildPhase section */

/* Begin PBXVariantGroup section */
		7467CD4F29826EA100FFB61F /* Main.storyboard */ = {
			isa = PBXVariantGroup;
			children = (
				7467CD5029826EA100FFB61F /* Base */,
			);
			name = Main.storyboard;
			sourceTree = "<group>";
		};
		7467CD5429826EA900FFB61F /* LaunchScreen.storyboard */ = {
			isa = PBXVariantGroup;
			children = (
				7467CD5529826EA900FFB61F /* Base */,
			);
			name = LaunchScreen.storyboard;
			sourceTree = "<group>";
		};
/* End PBXVariantGroup section */

/* Begin XCBuildConfiguration section */
		7467CD5A29826EA900FFB61F /* Debug */ = {
			isa = XCBuildConfiguration;
			buildSettings = {
				ALWAYS_SEARCH_USER_PATHS = NO;
				CLANG_ANALYZER_NONNULL = YES;
				CLANG_ANALYZER_NUMBER_OBJECT_CONVERSION = YES_AGGRESSIVE;
				CLANG_CXX_LANGUAGE_STANDARD = "gnu++17";
				CLANG_ENABLE_MODULES = YES;
				CLANG_ENABLE_OBJC_ARC = YES;
				CLANG_ENABLE_OBJC_WEAK = YES;
				CLANG_WARN_BLOCK_CAPTURE_AUTORELEASING = YES;
				CLANG_WARN_BOOL_CONVERSION = YES;
				CLANG_WARN_COMMA = YES;
				CLANG_WARN_CONSTANT_CONVERSION = YES;
				CLANG_WARN_DEPRECATED_OBJC_IMPLEMENTATIONS = YES;
				CLANG_WARN_DIRECT_OBJC_ISA_USAGE = YES_ERROR;
				CLANG_WARN_DOCUMENTATION_COMMENTS = YES;
				CLANG_WARN_EMPTY_BODY = YES;
				CLANG_WARN_ENUM_CONVERSION = YES;
				CLANG_WARN_INFINITE_RECURSION = YES;
				CLANG_WARN_INT_CONVERSION = YES;
				CLANG_WARN_NON_LITERAL_NULL_CONVERSION = YES;
				CLANG_WARN_OBJC_IMPLICIT_RETAIN_SELF = YES;
				CLANG_WARN_OBJC_LITERAL_CONVERSION = YES;
				CLANG_WARN_OBJC_ROOT_CLASS = YES_ERROR;
				CLANG_WARN_QUOTED_INCLUDE_IN_FRAMEWORK_HEADER = YES;
				CLANG_WARN_RANGE_LOOP_ANALYSIS = YES;
				CLANG_WARN_STRICT_PROTOTYPES = YES;
				CLANG_WARN_SUSPICIOUS_MOVE = YES;
				CLANG_WARN_UNGUARDED_AVAILABILITY = YES_AGGRESSIVE;
				CLANG_WARN_UNREACHABLE_CODE = YES;
				CLANG_WARN__DUPLICATE_METHOD_MATCH = YES;
				COPY_PHASE_STRIP = NO;
				DEBUG_INFORMATION_FORMAT = dwarf;
				ENABLE_STRICT_OBJC_MSGSEND = YES;
				ENABLE_TESTABILITY = YES;
				GCC_C_LANGUAGE_STANDARD = gnu11;
				GCC_DYNAMIC_NO_PIC = NO;
				GCC_NO_COMMON_BLOCKS = YES;
				GCC_OPTIMIZATION_LEVEL = 0;
				GCC_PREPROCESSOR_DEFINITIONS = (
					"DEBUG=1",
					"$(inherited)",
				);
				GCC_WARN_64_TO_32_BIT_CONVERSION = YES;
				GCC_WARN_ABOUT_RETURN_TYPE = YES_ERROR;
				GCC_WARN_UNDECLARED_SELECTOR = YES;
				GCC_WARN_UNINITIALIZED_AUTOS = YES_AGGRESSIVE;
				GCC_WARN_UNUSED_FUNCTION = YES;
				GCC_WARN_UNUSED_VARIABLE = YES;
				IPHONEOS_DEPLOYMENT_TARGET = 15.5;
				MTL_ENABLE_DEBUG_INFO = INCLUDE_SOURCE;
				MTL_FAST_MATH = YES;
				ONLY_ACTIVE_ARCH = YES;
				SDKROOT = iphoneos;
			};
			name = Debug;
		};
		7467CD5B29826EA900FFB61F /* Release */ = {
			isa = XCBuildConfiguration;
			buildSettings = {
				ALWAYS_SEARCH_USER_PATHS = NO;
				CLANG_ANALYZER_NONNULL = YES;
				CLANG_ANALYZER_NUMBER_OBJECT_CONVERSION = YES_AGGRESSIVE;
				CLANG_CXX_LANGUAGE_STANDARD = "gnu++17";
				CLANG_ENABLE_MODULES = YES;
				CLANG_ENABLE_OBJC_ARC = YES;
				CLANG_ENABLE_OBJC_WEAK = YES;
				CLANG_WARN_BLOCK_CAPTURE_AUTORELEASING = YES;
				CLANG_WARN_BOOL_CONVERSION = YES;
				CLANG_WARN_COMMA = YES;
				CLANG_WARN_CONSTANT_CONVERSION = YES;
				CLANG_WARN_DEPRECATED_OBJC_IMPLEMENTATIONS = YES;
				CLANG_WARN_DIRECT_OBJC_ISA_USAGE = YES_ERROR;
				CLANG_WARN_DOCUMENTATION_COMMENTS = YES;
				CLANG_WARN_EMPTY_BODY = YES;
				CLANG_WARN_ENUM_CONVERSION = YES;
				CLANG_WARN_INFINITE_RECURSION = YES;
				CLANG_WARN_INT_CONVERSION = YES;
				CLANG_WARN_NON_LITERAL_NULL_CONVERSION = YES;
				CLANG_WARN_OBJC_IMPLICIT_RETAIN_SELF = YES;
				CLANG_WARN_OBJC_LITERAL_CONVERSION = YES;
				CLANG_WARN_OBJC_ROOT_CLASS = YES_ERROR;
				CLANG_WARN_QUOTED_INCLUDE_IN_FRAMEWORK_HEADER = YES;
				CLANG_WARN_RANGE_LOOP_ANALYSIS = YES;
				CLANG_WARN_STRICT_PROTOTYPES = YES;
				CLANG_WARN_SUSPICIOUS_MOVE = YES;
				CLANG_WARN_UNGUARDED_AVAILABILITY = YES_AGGRESSIVE;
				CLANG_WARN_UNREACHABLE_CODE = YES;
				CLANG_WARN__DUPLICATE_METHOD_MATCH = YES;
				COPY_PHASE_STRIP = NO;
				DEBUG_INFORMATION_FORMAT = "dwarf-with-dsym";
				ENABLE_NS_ASSERTIONS = NO;
				ENABLE_STRICT_OBJC_MSGSEND = YES;
				GCC_C_LANGUAGE_STANDARD = gnu11;
				GCC_NO_COMMON_BLOCKS = YES;
				GCC_WARN_64_TO_32_BIT_CONVERSION = YES;
				GCC_WARN_ABOUT_RETURN_TYPE = YES_ERROR;
				GCC_WARN_UNDECLARED_SELECTOR = YES;
				GCC_WARN_UNINITIALIZED_AUTOS = YES_AGGRESSIVE;
				GCC_WARN_UNUSED_FUNCTION = YES;
				GCC_WARN_UNUSED_VARIABLE = YES;
				IPHONEOS_DEPLOYMENT_TARGET = 15.5;
				MTL_ENABLE_DEBUG_INFO = NO;
				MTL_FAST_MATH = YES;
				SDKROOT = iphoneos;
				VALIDATE_PRODUCT = YES;
			};
			name = Release;
		};
		7467CD5D29826EA900FFB61F /* Debug */ = {
			isa = XCBuildConfiguration;
			buildSettings = {
				ASSETCATALOG_COMPILER_APPICON_NAME = AppIcon;
				ASSETCATALOG_COMPILER_GLOBAL_ACCENT_COLOR_NAME = AccentColor;
				CODE_SIGN_STYLE = Automatic;
				CURRENT_PROJECT_VERSION = 1;
				DEVELOPMENT_TEAM = C2T3576TA5;
				GENERATE_INFOPLIST_FILE = YES;
				INFOPLIST_FILE = ObjectiveCTestApp/Info.plist;
				INFOPLIST_KEY_UIApplicationSupportsIndirectInputEvents = YES;
				INFOPLIST_KEY_UILaunchStoryboardName = LaunchScreen;
				INFOPLIST_KEY_UIMainStoryboardFile = Main;
				INFOPLIST_KEY_UISupportedInterfaceOrientations_iPad = "UIInterfaceOrientationPortrait UIInterfaceOrientationPortraitUpsideDown UIInterfaceOrientationLandscapeLeft UIInterfaceOrientationLandscapeRight";
				INFOPLIST_KEY_UISupportedInterfaceOrientations_iPhone = "UIInterfaceOrientationPortrait UIInterfaceOrientationLandscapeLeft UIInterfaceOrientationLandscapeRight";
				LD_RUNPATH_SEARCH_PATHS = (
					"$(inherited)",
					"@executable_path/Frameworks",
				);
				MARKETING_VERSION = 1.0;
				PRODUCT_BUNDLE_IDENTIFIER = com.HoodyHoop.ObjectiveCTestApp;
				PRODUCT_NAME = "$(TARGET_NAME)";
				SWIFT_EMIT_LOC_STRINGS = YES;
				TARGETED_DEVICE_FAMILY = "1,2";
			};
			name = Debug;
		};
		7467CD5E29826EA900FFB61F /* Release */ = {
			isa = XCBuildConfiguration;
			buildSettings = {
				ASSETCATALOG_COMPILER_APPICON_NAME = AppIcon;
				ASSETCATALOG_COMPILER_GLOBAL_ACCENT_COLOR_NAME = AccentColor;
				CODE_SIGN_STYLE = Automatic;
				CURRENT_PROJECT_VERSION = 1;
				DEVELOPMENT_TEAM = C2T3576TA5;
				GENERATE_INFOPLIST_FILE = YES;
				INFOPLIST_FILE = ObjectiveCTestApp/Info.plist;
				INFOPLIST_KEY_UIApplicationSupportsIndirectInputEvents = YES;
				INFOPLIST_KEY_UILaunchStoryboardName = LaunchScreen;
				INFOPLIST_KEY_UIMainStoryboardFile = Main;
				INFOPLIST_KEY_UISupportedInterfaceOrientations_iPad = "UIInterfaceOrientationPortrait UIInterfaceOrientationPortraitUpsideDown UIInterfaceOrientationLandscapeLeft UIInterfaceOrientationLandscapeRight";
				INFOPLIST_KEY_UISupportedInterfaceOrientations_iPhone = "UIInterfaceOrientationPortrait UIInterfaceOrientationLandscapeLeft UIInterfaceOrientationLandscapeRight";
				LD_RUNPATH_SEARCH_PATHS = (
					"$(inherited)",
					"@executable_path/Frameworks",
				);
				MARKETING_VERSION = 1.0;
				PRODUCT_BUNDLE_IDENTIFIER = com.HoodyHoop.ObjectiveCTestApp;
				PRODUCT_NAME = "$(TARGET_NAME)";
				SWIFT_EMIT_LOC_STRINGS = YES;
				TARGETED_DEVICE_FAMILY = "1,2";
			};
			name = Release;
		};
/* End XCBuildConfiguration section */

/* Begin XCConfigurationList section */
		7467CD3E29826EA100FFB61F /* Build configuration list for PBXProject "ObjectiveCTestApp" */ = {
			isa = XCConfigurationList;
			buildConfigurations = (
				7467CD5A29826EA900FFB61F /* Debug */,
				7467CD5B29826EA900FFB61F /* Release */,
			);
			defaultConfigurationIsVisible = 0;
			defaultConfigurationName = Release;
		};
		7467CD5C29826EA900FFB61F /* Build configuration list for PBXNativeTarget "ObjectiveCTestApp" */ = {
			isa = XCConfigurationList;
			buildConfigurations = (
				7467CD5D29826EA900FFB61F /* Debug */,
				7467CD5E29826EA900FFB61F /* Release */,
			);
			defaultConfigurationIsVisible = 0;
			defaultConfigurationName = Release;
		};
/* End XCConfigurationList section */
	};
	rootObject = 7467CD3B29826EA100FFB61F /* Project object */;
}
